PODS:
  - CocoaLumberjack (2.0.3):
    - CocoaLumberjack/Default (= 2.0.3)
    - CocoaLumberjack/Extensions (= 2.0.3)
  - CocoaLumberjack/Core (2.0.3)
  - CocoaLumberjack/Default (2.0.3):
    - CocoaLumberjack/Core
  - CocoaLumberjack/Extensions (2.0.3):
    - CocoaLumberjack/Default
  - NIMSDK (5.6.0)

DEPENDENCIES:
  - CocoaLumberjack (~> 2.0.0-rc2)
  - NIMSDK (= 5.6.0)

SPEC REPOS:
  https://github.com/cocoapods/specs.git:
    - CocoaLumberjack
    - NIMSDK

SPEC CHECKSUMS:
  CocoaLumberjack: f58d8a19629f4d8379ae14bb3534def24161430e
  NIMSDK: 7bc6a1e5f034a5f82747892bacc61ac305342620

PODFILE CHECKSUM: 56f94b2059badaf16f83d34707f2032605bd82df

COCOAPODS: 1.5.3
